hash: 5d2e4f8f34a99fe998b4af0bea6b3e4a00fbacd946a59473ae70b43bbf1a1b11
updated: 2019-03-03T13:14:36.154600239-08:00
imports:
- name: github.com/gorilla/websocket
  version: 66b9c49e59c6c48f0ffce28c2d8b8a5678502c6d
- name: github.com/JulienBalestra/kube-csr
  version: 672c27d23f6374190d5147ead031ddbe82f915b2
testImports: []
